
Microsoft Visual Studio Solution File, Format Version 12.00
# Visual Studio Version 17
VisualStudioVersion = 17.4.33213.308
MinimumVisualStudioVersion = 10.0.40219.1
Project("{FAE04EC0-301F-11D3-BF4B-00C04F79EFBC}") = "CommentPage", "CommentPage.csproj", "{3057F56B-C831-4806-B361-46DB579CDCD5}"
EndProject
Global
	GlobalSection(SolutionConfigurationPlatforms) = preSolution
		Debug|Any CPU = Debug|Any CPU
		Release|Any CPU = Release|Any CPU
	EndGlobalSection
	GlobalSection(ProjectConfigurationPlatforms) = postSolution
		{3057F56B-C831-4806-B361-46DB579CDCD5}.Debug|Any CPU.ActiveCfg = Debug|Any CPU
		{3057F56B-C831-4806-B361-46DB579CDCD5}.Debug|Any CPU.Build.0 = Debug|Any CPU
		{3057F56B-C831-4806-B361-46DB579CDCD5}.Release|Any CPU.ActiveCfg = Release|Any CPU
		{3057F56B-C831-4806-B361-46DB579CDCD5}.Release|Any CPU.Build.0 = Release|Any CPU
	EndGlobalSection
	GlobalSection(SolutionProperties) = preSolution
		HideSolutionNode = FALSE
	EndGlobalSection
	GlobalSection(ExtensibilityGlobals) = postSolution
		SolutionGuid = {FC8EC9AF-632E-4C5C-A90F-96CFD622E83F}
	EndGlobalSection
EndGlobal
